
Microsoft Visual Studio Solution File, Format Version 12.00
# Visual Studio 14
VisualStudioVersion = 14.0.25420.1
MinimumVisualStudioVersion = 10.0.40219.1
Project("{159641D6-6404-4A2A-AE62-294DE0FE8301}") = "CoffeeMerchant", "CoffeeMerchant\CoffeeMerchant.dtproj", "{C46A7DAD-4185-47DB-94C3-63916BC1BA43}"
EndProject
Global
	GlobalSection(SolutionConfigurationPlatforms) = preSolution
		Development|Default = Development|Default
	EndGlobalSection
	GlobalSection(ProjectConfigurationPlatforms) = postSolution
		{C46A7DAD-4185-47DB-94C3-63916BC1BA43}.Development|Default.ActiveCfg = Development
		{C46A7DAD-4185-47DB-94C3-63916BC1BA43}.Development|Default.Build.0 = Development
	EndGlobalSection
	GlobalSection(SolutionProperties) = preSolution
		HideSolutionNode = FALSE
	EndGlobalSection
EndGlobal
